// !$*UTF8*$!
{
	archiveVersion = 1;
	classes = {
	};
	objectVersion = 56;
	objects = {

/* Begin PBXBuildFile section */
		D4D522FF2AAB89C700285EAD /* Mad_LibApp.swift in Sources */ = {isa = PBXBuildFile; fileRef = D4D522FE2AAB89C700285EAD /* Mad_LibApp.swift */; };
		D4D523012AAB89C700285EAD /* ContentView.swift in Sources */ = {isa = PBXBuildFile; fileRef = D4D523002AAB89C700285EAD /* ContentView.swift */; };
		D4D523032AAB89CB00285EAD /* Assets.xcassets in Resources */ = {isa = PBXBuildFile; fileRef = D4D523022AAB89CB00285EAD /* Assets.xcassets */; };
		D4D523072AAB89CB00285EAD /* Preview Assets.xcassets in Resources */ = {isa = PBXBuildFile; fileRef = D4D523062AAB89CB00285EAD /* Preview Assets.xcassets */; };
		D4D523112AAB89CC00285EAD /* Mad_LibTests.swift in Sources */ = {isa = PBXBuildFile; fileRef = D4D523102AAB89CC00285EAD /* Mad_LibTests.swift */; };
		D4D5231B2AAB89CC00285EAD /* Mad_LibUITests.swift in Sources */ = {isa = PBXBuildFile; fileRef = D4D5231A2AAB89CC00285EAD /* Mad_LibUITests.swift */; };
		D4D5231D2AAB89CC00285EAD /* Mad_LibUITestsLaunchTests.swift in Sources */ = {isa = PBXBuildFile; fileRef = D4D5231C2AAB89CC00285EAD /* Mad_LibUITestsLaunchTests.swift */; };
/* End PBXBuildFile section */

/* Begin PBXContainerItemProxy section */
		D4D5230D2AAB89CC00285EAD /* PBXContainerItemProxy */ = {
			isa = PBXContainerItemProxy;
			containerPortal = D4D522F32AAB89C700285EAD /* Project object */;
			proxyType = 1;
			remoteGlobalIDString = D4D522FA2AAB89C700285EAD;
			remoteInfo = "Mad Lib";
		};
		D4D523172AAB89CC00285EAD /* PBXContainerItemProxy */ = {
			isa = PBXContainerItemProxy;
			containerPortal = D4D522F32AAB89C700285EAD /* Project object */;
			proxyType = 1;
			remoteGlobalIDString = D4D522FA2AAB89C700285EAD;
			remoteInfo = "Mad Lib";
		};
/* End PBXContainerItemProxy section */

/* Begin PBXFileReference section */
		D4D522FB2AAB89C700285EAD /* Mad Lib.app */ = {isa = PBXFileReference; explicitFileType = wrapper.application; includeInIndex = 0; path = "Mad Lib.app"; sourceTree = BUILT_PRODUCTS_DIR; };
		D4D522FE2AAB89C700285EAD /* Mad_LibApp.swift */ = {isa = PBXFileReference; lastKnownFileType = sourcecode.swift; path = Mad_LibApp.swift; sourceTree = "<group>"; };
		D4D523002AAB89C700285EAD /* ContentView.swift */ = {isa = PBXFileReference; lastKnownFileType = sourcecode.swift; path = ContentView.swift; sourceTree = "<group>"; };
		D4D523022AAB89CB00285EAD /* Assets.xcassets */ = {isa = PBXFileReference; lastKnownFileType = folder.assetcatalog; path = Assets.xcassets; sourceTree = "<group>"; };
		D4D523042AAB89CB00285EAD /* Mad_Lib.entitlements */ = {isa = PBXFileReference; lastKnownFileType = text.plist.entitlements; path = Mad_Lib.entitlements; sourceTree = "<group>"; };
		D4D523062AAB89CB00285EAD /* Preview Assets.xcassets */ = {isa = PBXFileReference; lastKnownFileType = folder.assetcatalog; path = "Preview Assets.xcassets"; sourceTree = "<group>"; };
		D4D5230C2AAB89CC00285EAD /* Mad LibTests.xctest */ = {isa = PBXFileReference; explicitFileType = wrapper.cfbundle; includeInIndex = 0; path = "Mad LibTests.xctest"; sourceTree = BUILT_PRODUCTS_DIR; };
		D4D523102AAB89CC00285EAD /* Mad_LibTests.swift */ = {isa = PBXFileReference; lastKnownFileType = sourcecode.swift; path = Mad_LibTests.swift; sourceTree = "<group>"; };
		D4D523162AAB89CC00285EAD /* Mad LibUITests.xctest */ = {isa = PBXFileReference; explicitFileType = wrapper.cfbundle; includeInIndex = 0; path = "Mad LibUITests.xctest"; sourceTree = BUILT_PRODUCTS_DIR; };
		D4D5231A2AAB89CC00285EAD /* Mad_LibUITests.swift */ = {isa = PBXFileReference; lastKnownFileType = sourcecode.swift; path = Mad_LibUITests.swift; sourceTree = "<group>"; };
		D4D5231C2AAB89CC00285EAD /* Mad_LibUITestsLaunchTests.swift */ = {isa = PBXFileReference; lastKnownFileType = sourcecode.swift; path = Mad_LibUITestsLaunchTests.swift; sourceTree = "<group>"; };
/* End PBXFileReference section */

/* Begin PBXFrameworksBuildPhase section */
		D4D522F82AAB89C700285EAD /* Frameworks */ = {
			isa = PBXFrameworksBuildPhase;
			buildActionMask = 2147483647;
			files = (
			);
			runOnlyForDeploymentPostprocessing = 0;
		};
		D4D523092AAB89CC00285EAD /* Frameworks */ = {
			isa = PBXFrameworksBuildPhase;
			buildActionMask = 2147483647;
			files = (
			);
			runOnlyForDeploymentPostprocessing = 0;
		};
		D4D523132AAB89CC00285EAD /* Frameworks */ = {
			isa = PBXFrameworksBuildPhase;
			buildActionMask = 2147483647;
			files = (
			);
			runOnlyForDeploymentPostprocessing = 0;
		};
/* End PBXFrameworksBuildPhase section */

/* Begin PBXGroup section */
		D4D522F22AAB89C700285EAD = {
			isa = PBXGroup;
			children = (
				D4D522FD2AAB89C700285EAD /* Mad Lib */,
				D4D5230F2AAB89CC00285EAD /* Mad LibTests */,
				D4D523192AAB89CC00285EAD /* Mad LibUITests */,
				D4D522FC2AAB89C700285EAD /* Products */,
			);
			sourceTree = "<group>";
		};
		D4D522FC2AAB89C700285EAD /* Products */ = {
			isa = PBXGroup;
			children = (
				D4D522FB2AAB89C700285EAD /* Mad Lib.app */,
				D4D5230C2AAB89CC00285EAD /* Mad LibTests.xctest */,
				D4D523162AAB89CC00285EAD /* Mad LibUITests.xctest */,
			);
			name = Products;
			sourceTree = "<group>";
		};
		D4D522FD2AAB89C700285EAD /* Mad Lib */ = {
			isa = PBXGroup;
			children = (
				D4D522FE2AAB89C700285EAD /* Mad_LibApp.swift */,
				D4D523002AAB89C700285EAD /* ContentView.swift */,
				D4D523022AAB89CB00285EAD /* Assets.xcassets */,
				D4D523042AAB89CB00285EAD /* Mad_Lib.entitlements */,
				D4D523052AAB89CB00285EAD /* Preview Content */,
			);
			path = "Mad Lib";
			sourceTree = "<group>";
		};
		D4D523052AAB89CB00285EAD /* Preview Content */ = {
			isa = PBXGroup;
			children = (
				D4D523062AAB89CB00285EAD /* Preview Assets.xcassets */,
			);
			path = "Preview Content";
			sourceTree = "<group>";
		};
		D4D5230F2AAB89CC00285EAD /* Mad LibTests */ = {
			isa = PBXGroup;
			children = (
				D4D523102AAB89CC00285EAD /* Mad_LibTests.swift */,
			);
			path = "Mad LibTests";
			sourceTree = "<group>";
		};
		D4D523192AAB89CC00285EAD /* Mad LibUITests */ = {
			isa = PBXGroup;
			children = (
				D4D5231A2AAB89CC00285EAD /* Mad_LibUITests.swift */,
				D4D5231C2AAB89CC00285EAD /* Mad_LibUITestsLaunchTests.swift */,
			);
			path = "Mad LibUITests";
			sourceTree = "<group>";
		};
/* End PBXGroup section */

/* Begin PBXNativeTarget section */
		D4D522FA2AAB89C700285EAD /* Mad Lib */ = {
			isa = PBXNativeTarget;
			buildConfigurationList = D4D523202AAB89CC00285EAD /* Build configuration list for PBXNativeTarget "Mad Lib" */;
			buildPhases = (
				D4D522F72AAB89C700285EAD /* Sources */,
				D4D522F82AAB89C700285EAD /* Frameworks */,
				D4D522F92AAB89C700285EAD /* Resources */,
			);
			buildRules = (
			);
			dependencies = (
			);
			name = "Mad Lib";
			productName = "Mad Lib";
			productReference = D4D522FB2AAB89C700285EAD /* Mad Lib.app */;
			productType = "com.apple.product-type.application";
		};
		D4D5230B2AAB89CC00285EAD /* Mad LibTests */ = {
			isa = PBXNativeTarget;
			buildConfigurationList = D4D523232AAB89CC00285EAD /* Build configuration list for PBXNativeTarget "Mad LibTests" */;
			buildPhases = (
				D4D523082AAB89CC00285EAD /* Sources */,
				D4D523092AAB89CC00285EAD /* Frameworks */,
				D4D5230A2AAB89CC00285EAD /* Resources */,
			);
			buildRules = (
			);
			dependencies = (
				D4D5230E2AAB89CC00285EAD /* PBXTargetDependency */,
			);
			name = "Mad LibTests";
			productName = "Mad LibTests";
			productReference = D4D5230C2AAB89CC00285EAD /* Mad LibTests.xctest */;
			productType = "com.apple.product-type.bundle.unit-test";
		};
		D4D523152AAB89CC00285EAD /* Mad LibUITests */ = {
			isa = PBXNativeTarget;
			buildConfigurationList = D4D523262AAB89CC00285EAD /* Build configuration list for PBXNativeTarget "Mad LibUITests" */;
			buildPhases = (
				D4D523122AAB89CC00285EAD /* Sources */,
				D4D523132AAB89CC00285EAD /* Frameworks */,
				D4D523142AAB89CC00285EAD /* Resources */,
			);
			buildRules = (
			);
			dependencies = (
				D4D523182AAB89CC00285EAD /* PBXTargetDependency */,
			);
			name = "Mad LibUITests";
			productName = "Mad LibUITests";
			productReference = D4D523162AAB89CC00285EAD /* Mad LibUITests.xctest */;
			productType = "com.apple.product-type.bundle.ui-testing";
		};
/* End PBXNativeTarget section */

/* Begin PBXProject section */
		D4D522F32AAB89C700285EAD /* Project object */ = {
			isa = PBXProject;
			attributes = {
				BuildIndependentTargetsInParallel = 1;
				LastSwiftUpdateCheck = 1430;
				LastUpgradeCheck = 1430;
				TargetAttributes = {
					D4D522FA2AAB89C700285EAD = {
						CreatedOnToolsVersion = 14.3.1;
					};
					D4D5230B2AAB89CC00285EAD = {
						CreatedOnToolsVersion = 14.3.1;
						TestTargetID = D4D522FA2AAB89C700285EAD;
					};
					D4D523152AAB89CC00285EAD = {
						CreatedOnToolsVersion = 14.3.1;
						TestTargetID = D4D522FA2AAB89C700285EAD;
					};
				};
			};
			buildConfigurationList = D4D522F62AAB89C700285EAD /* Build configuration list for PBXProject "Mad Lib" */;
			compatibilityVersion = "Xcode 14.0";
			developmentRegion = en;
			hasScannedForEncodings = 0;
			knownRegions = (
				en,
				Base,
			);
			mainGroup = D4D522F22AAB89C700285EAD;
			productRefGroup = D4D522FC2AAB89C700285EAD /* Products */;
			projectDirPath = "";
			projectRoot = "";
			targets = (
				D4D522FA2AAB89C700285EAD /* Mad Lib */,
				D4D5230B2AAB89CC00285EAD /* Mad LibTests */,
				D4D523152AAB89CC00285EAD /* Mad LibUITests */,
			);
		};
/* End PBXProject section */

/* Begin PBXResourcesBuildPhase section */
		D4D522F92AAB89C700285EAD /* Resources */ = {
			isa = PBXResourcesBuildPhase;
			buildActionMask = 2147483647;
			files = (
				D4D523072AAB89CB00285EAD /* Preview Assets.xcassets in Resources */,
				D4D523032AAB89CB00285EAD /* Assets.xcassets in Resources */,
			);
			runOnlyForDeploymentPostprocessing = 0;
		};
		D4D5230A2AAB89CC00285EAD /* Resources */ = {
			isa = PBXResourcesBuildPhase;
			buildActionMask = 2147483647;
			files = (
			);
			runOnlyForDeploymentPostprocessing = 0;
		};
		D4D523142AAB89CC00285EAD /* Resources */ = {
			isa = PBXResourcesBuildPhase;
			buildActionMask = 2147483647;
			files = (
			);
			runOnlyForDeploymentPostprocessing = 0;
		};
/* End PBXResourcesBuildPhase section */

/* Begin PBXSourcesBuildPhase section */
		D4D522F72AAB89C700285EAD /* Sources */ = {
			isa = PBXSourcesBuildPhase;
			buildActionMask = 2147483647;
			files = (
				D4D523012AAB89C700285EAD /* ContentView.swift in Sources */,
				D4D522FF2AAB89C700285EAD /* Mad_LibApp.swift in Sources */,
			);
			runOnlyForDeploymentPostprocessing = 0;
		};
		D4D523082AAB89CC00285EAD /* Sources */ = {
			isa = PBXSourcesBuildPhase;
			buildActionMask = 2147483647;
			files = (
				D4D523112AAB89CC00285EAD /* Mad_LibTests.swift in Sources */,
			);
			runOnlyForDeploymentPostprocessing = 0;
		};
		D4D523122AAB89CC00285EAD /* Sources */ = {
			isa = PBXSourcesBuildPhase;
			buildActionMask = 2147483647;
			files = (
				D4D5231B2AAB89CC00285EAD /* Mad_LibUITests.swift in Sources */,
				D4D5231D2AAB89CC00285EAD /* Mad_LibUITestsLaunchTests.swift in Sources */,
			);
			runOnlyForDeploymentPostprocessing = 0;
		};
/* End PBXSourcesBuildPhase section */

/* Begin PBXTargetDependency section */
		D4D5230E2AAB89CC00285EAD /* PBXTargetDependency */ = {
			isa = PBXTargetDependency;
			target = D4D522FA2AAB89C700285EAD /* Mad Lib */;
			targetProxy = D4D5230D2AAB89CC00285EAD /* PBXContainerItemProxy */;
		};
		D4D523182AAB89CC00285EAD /* PBXTargetDependency */ = {
			isa = PBXTargetDependency;
			target = D4D522FA2AAB89C700285EAD /* Mad Lib */;
			targetProxy = D4D523172AAB89CC00285EAD /* PBXContainerItemProxy */;
		};
/* End PBXTargetDependency section */

/* Begin XCBuildConfiguration section */
		D4D5231E2AAB89CC00285EAD /* Debug */ = {
			isa = XCBuildConfiguration;
			buildSettings = {
				ALWAYS_SEARCH_USER_PATHS = NO;
				CLANG_ANALYZER_NONNULL = YES;
				CLANG_ANALYZER_NUMBER_OBJECT_CONVERSION = YES_AGGRESSIVE;
				CLANG_CXX_LANGUAGE_STANDARD = "gnu++20";
				CLANG_ENABLE_MODULES = YES;
				CLANG_ENABLE_OBJC_ARC = YES;
				CLANG_ENABLE_OBJC_WEAK = YES;
				CLANG_WARN_BLOCK_CAPTURE_AUTORELEASING = YES;
				CLANG_WARN_BOOL_CONVERSION = YES;
				CLANG_WARN_COMMA = YES;
				CLANG_WARN_CONSTANT_CONVERSION = YES;
				CLANG_WARN_DEPRECATED_OBJC_IMPLEMENTATIONS = YES;
				CLANG_WARN_DIRECT_OBJC_ISA_USAGE = YES_ERROR;
				CLANG_WARN_DOCUMENTATION_COMMENTS = YES;
				CLANG_WARN_EMPTY_BODY = YES;
				CLANG_WARN_ENUM_CONVERSION = YES;
				CLANG_WARN_INFINITE_RECURSION = YES;
				CLANG_WARN_INT_CONVERSION = YES;
				CLANG_WARN_NON_LITERAL_NULL_CONVERSION = YES;
				CLANG_WARN_OBJC_IMPLICIT_RETAIN_SELF = YES;
				CLANG_WARN_OBJC_LITERAL_CONVERSION = YES;
				CLANG_WARN_OBJC_ROOT_CLASS = YES_ERROR;
				CLANG_WARN_QUOTED_INCLUDE_IN_FRAMEWORK_HEADER = YES;
				CLANG_WARN_RANGE_LOOP_ANALYSIS = YES;
				CLANG_WARN_STRICT_PROTOTYPES = YES;
				CLANG_WARN_SUSPICIOUS_MOVE = YES;
				CLANG_WARN_UNGUARDED_AVAILABILITY = YES_AGGRESSIVE;
				CLANG_WARN_UNREACHABLE_CODE = YES;
				CLANG_WARN__DUPLICATE_METHOD_MATCH = YES;
				COPY_PHASE_STRIP = NO;
				DEBUG_INFORMATION_FORMAT = dwarf;
				ENABLE_STRICT_OBJC_MSGSEND = YES;
				ENABLE_TESTABILITY = YES;
				GCC_C_LANGUAGE_STANDARD = gnu11;
				GCC_DYNAMIC_NO_PIC = NO;
				GCC_NO_COMMON_BLOCKS = YES;
				GCC_OPTIMIZATION_LEVEL = 0;
				GCC_PREPROCESSOR_DEFINITIONS = (
					"DEBUG=1",
					"$(inherited)",
				);
				GCC_WARN_64_TO_32_BIT_CONVERSION = YES;
				GCC_WARN_ABOUT_RETURN_TYPE = YES_ERROR;
				GCC_WARN_UNDECLARED_SELECTOR = YES;
				GCC_WARN_UNINITIALIZED_AUTOS = YES_AGGRESSIVE;
				GCC_WARN_UNUSED_FUNCTION = YES;
				GCC_WARN_UNUSED_VARIABLE = YES;
				MTL_ENABLE_DEBUG_INFO = INCLUDE_SOURCE;
				MTL_FAST_MATH = YES;
				ONLY_ACTIVE_ARCH = YES;
				SWIFT_ACTIVE_COMPILATION_CONDITIONS = DEBUG;
				SWIFT_OPTIMIZATION_LEVEL = "-Onone";
			};
			name = Debug;
		};
		D4D5231F2AAB89CC00285EAD /* Release */ = {
			isa = XCBuildConfiguration;
			buildSettings = {
				ALWAYS_SEARCH_USER_PATHS = NO;
				CLANG_ANALYZER_NONNULL = YES;
				CLANG_ANALYZER_NUMBER_OBJECT_CONVERSION = YES_AGGRESSIVE;
				CLANG_CXX_LANGUAGE_STANDARD = "gnu++20";
				CLANG_ENABLE_MODULES = YES;
				CLANG_ENABLE_OBJC_ARC = YES;
				CLANG_ENABLE_OBJC_WEAK = YES;
				CLANG_WARN_BLOCK_CAPTURE_AUTORELEASING = YES;
				CLANG_WARN_BOOL_CONVERSION = YES;
				CLANG_WARN_COMMA = YES;
				CLANG_WARN_CONSTANT_CONVERSION = YES;
				CLANG_WARN_DEPRECATED_OBJC_IMPLEMENTATIONS = YES;
				CLANG_WARN_DIRECT_OBJC_ISA_USAGE = YES_ERROR;
				CLANG_WARN_DOCUMENTATION_COMMENTS = YES;
				CLANG_WARN_EMPTY_BODY = YES;
				CLANG_WARN_ENUM_CONVERSION = YES;
				CLANG_WARN_INFINITE_RECURSION = YES;
				CLANG_WARN_INT_CONVERSION = YES;
				CLANG_WARN_NON_LITERAL_NULL_CONVERSION = YES;
				CLANG_WARN_OBJC_IMPLICIT_RETAIN_SELF = YES;
				CLANG_WARN_OBJC_LITERAL_CONVERSION = YES;
				CLANG_WARN_OBJC_ROOT_CLASS = YES_ERROR;
				CLANG_WARN_QUOTED_INCLUDE_IN_FRAMEWORK_HEADER = YES;
				CLANG_WARN_RANGE_LOOP_ANALYSIS = YES;
				CLANG_WARN_STRICT_PROTOTYPES = YES;
				CLANG_WARN_SUSPICIOUS_MOVE = YES;
				CLANG_WARN_UNGUARDED_AVAILABILITY = YES_AGGRESSIVE;
				CLANG_WARN_UNREACHABLE_CODE = YES;
				CLANG_WARN__DUPLICATE_METHOD_MATCH = YES;
				COPY_PHASE_STRIP = NO;
				DEBUG_INFORMATION_FORMAT = "dwarf-with-dsym";
				ENABLE_NS_ASSERTIONS = NO;
				ENABLE_STRICT_OBJC_MSGSEND = YES;
				GCC_C_LANGUAGE_STANDARD = gnu11;
				GCC_NO_COMMON_BLOCKS = YES;
				GCC_WARN_64_TO_32_BIT_CONVERSION = YES;
				GCC_WARN_ABOUT_RETURN_TYPE = YES_ERROR;
				GCC_WARN_UNDECLARED_SELECTOR = YES;
				GCC_WARN_UNINITIALIZED_AUTOS = YES_AGGRESSIVE;
				GCC_WARN_UNUSED_FUNCTION = YES;
				GCC_WARN_UNUSED_VARIABLE = YES;
				MTL_ENABLE_DEBUG_INFO = NO;
				MTL_FAST_MATH = YES;
				SWIFT_COMPILATION_MODE = wholemodule;
				SWIFT_OPTIMIZATION_LEVEL = "-O";
			};
			name = Release;
		};
		D4D523212AAB89CC00285EAD /* Debug */ = {
			isa = XCBuildConfiguration;
			buildSettings = {
				ASSETCATALOG_COMPILER_APPICON_NAME = AppIcon;
				ASSETCATALOG_COMPILER_GLOBAL_ACCENT_COLOR_NAME = AccentColor;
				CODE_SIGN_ENTITLEMENTS = "Mad Lib/Mad_Lib.entitlements";
				CODE_SIGN_STYLE = Automatic;
				CURRENT_PROJECT_VERSION = 1;
				DEVELOPMENT_ASSET_PATHS = "\"Mad Lib/Preview Content\"";
				DEVELOPMENT_TEAM = H2ANL4K7JB;
				ENABLE_HARDENED_RUNTIME = YES;
				ENABLE_PREVIEWS = YES;
				GENERATE_INFOPLIST_FILE = YES;
				"INFOPLIST_KEY_UIApplicationSceneManifest_Generation[sdk=iphoneos*]" = YES;
				"INFOPLIST_KEY_UIApplicationSceneManifest_Generation[sdk=iphonesimulator*]" = YES;
				"INFOPLIST_KEY_UIApplicationSupportsIndirectInputEvents[sdk=iphoneos*]" = YES;
				"INFOPLIST_KEY_UIApplicationSupportsIndirectInputEvents[sdk=iphonesimulator*]" = YES;
				"INFOPLIST_KEY_UILaunchScreen_Generation[sdk=iphoneos*]" = YES;
				"INFOPLIST_KEY_UILaunchScreen_Generation[sdk=iphonesimulator*]" = YES;
				"INFOPLIST_KEY_UIStatusBarStyle[sdk=iphoneos*]" = UIStatusBarStyleDefault;
				"INFOPLIST_KEY_UIStatusBarStyle[sdk=iphonesimulator*]" = UIStatusBarStyleDefault;
				INFOPLIST_KEY_UISupportedInterfaceOrientations_iPad = "UIInterfaceOrientationPortrait UIInterfaceOrientationPortraitUpsideDown UIInterfaceOrientationLandscapeLeft UIInterfaceOrientationLandscapeRight";
				INFOPLIST_KEY_UISupportedInterfaceOrientations_iPhone = "UIInterfaceOrientationPortrait UIInterfaceOrientationLandscapeLeft UIInterfaceOrientationLandscapeRight";
				IPHONEOS_DEPLOYMENT_TARGET = 16.4;
				LD_RUNPATH_SEARCH_PATHS = "@executable_path/Frameworks";
				"LD_RUNPATH_SEARCH_PATHS[sdk=macosx*]" = "@executable_path/../Frameworks";
				MACOSX_DEPLOYMENT_TARGET = 13.3;
				MARKETING_VERSION = 1.0;
				PRODUCT_BUNDLE_IDENTIFIER = "com.example.Mad-Lib";
				PRODUCT_NAME = "$(TARGET_NAME)";
				SDKROOT = auto;
				SUPPORTED_PLATFORMS = "iphoneos iphonesimulator macosx";
				SWIFT_EMIT_LOC_STRINGS = YES;
				SWIFT_VERSION = 5.0;
				TARGETED_DEVICE_FAMILY = "1,2";
			};
			name = Debug;
		};
		D4D523222AAB89CC00285EAD /* Release */ = {
			isa = XCBuildConfiguration;
			buildSettings = {
				ASSETCATALOG_COMPILER_APPICON_NAME = AppIcon;
				ASSETCATALOG_COMPILER_GLOBAL_ACCENT_COLOR_NAME = AccentColor;
				CODE_SIGN_ENTITLEMENTS = "Mad Lib/Mad_Lib.entitlements";
				CODE_SIGN_STYLE = Automatic;
				CURRENT_PROJECT_VERSION = 1;
				DEVELOPMENT_ASSET_PATHS = "\"Mad Lib/Preview Content\"";
				DEVELOPMENT_TEAM = H2ANL4K7JB;
				ENABLE_HARDENED_RUNTIME = YES;
				ENABLE_PREVIEWS = YES;
				GENERATE_INFOPLIST_FILE = YES;
				"INFOPLIST_KEY_UIApplicationSceneManifest_Generation[sdk=iphoneos*]" = YES;
				"INFOPLIST_KEY_UIApplicationSceneManifest_Generation[sdk=iphonesimulator*]" = YES;
				"INFOPLIST_KEY_UIApplicationSupportsIndirectInputEvents[sdk=iphoneos*]" = YES;
				"INFOPLIST_KEY_UIApplicationSupportsIndirectInputEvents[sdk=iphonesimulator*]" = YES;
				"INFOPLIST_KEY_UILaunchScreen_Generation[sdk=iphoneos*]" = YES;
				"INFOPLIST_KEY_UILaunchScreen_Generation[sdk=iphonesimulator*]" = YES;
				"INFOPLIST_KEY_UIStatusBarStyle[sdk=iphoneos*]" = UIStatusBarStyleDefault;
				"INFOPLIST_KEY_UIStatusBarStyle[sdk=iphonesimulator*]" = UIStatusBarStyleDefault;
				INFOPLIST_KEY_UISupportedInterfaceOrientations_iPad = "UIInterfaceOrientationPortrait UIInterfaceOrientationPortraitUpsideDown UIInterfaceOrientationLandscapeLeft UIInterfaceOrientationLandscapeRight";
				INFOPLIST_KEY_UISupportedInterfaceOrientations_iPhone = "UIInterfaceOrientationPortrait UIInterfaceOrientationLandscapeLeft UIInterfaceOrientationLandscapeRight";
				IPHONEOS_DEPLOYMENT_TARGET = 16.4;
				LD_RUNPATH_SEARCH_PATHS = "@executable_path/Frameworks";
				"LD_RUNPATH_SEARCH_PATHS[sdk=macosx*]" = "@executable_path/../Frameworks";
				MACOSX_DEPLOYMENT_TARGET = 13.3;
				MARKETING_VERSION = 1.0;
				PRODUCT_BUNDLE_IDENTIFIER = "com.example.Mad-Lib";
				PRODUCT_NAME = "$(TARGET_NAME)";
				SDKROOT = auto;
				SUPPORTED_PLATFORMS = "iphoneos iphonesimulator macosx";
				SWIFT_EMIT_LOC_STRINGS = YES;
				SWIFT_VERSION = 5.0;
				TARGETED_DEVICE_FAMILY = "1,2";
			};
			name = Release;
		};
		D4D523242AAB89CC00285EAD /* Debug */ = {
			isa = XCBuildConfiguration;
			buildSettings = {
				ALWAYS_EMBED_SWIFT_STANDARD_LIBRARIES = YES;
				BUNDLE_LOADER = "$(TEST_HOST)";
				CODE_SIGN_STYLE = Automatic;
				CURRENT_PROJECT_VERSION = 1;
				DEVELOPMENT_TEAM = H2ANL4K7JB;
				GENERATE_INFOPLIST_FILE = YES;
				IPHONEOS_DEPLOYMENT_TARGET = 16.4;
				MACOSX_DEPLOYMENT_TARGET = 13.3;
				MARKETING_VERSION = 1.0;
				PRODUCT_BUNDLE_IDENTIFIER = "com.example.Mad-LibTests";
				PRODUCT_NAME = "$(TARGET_NAME)";
				SDKROOT = auto;
				SUPPORTED_PLATFORMS = "iphoneos iphonesimulator macosx";
				SWIFT_EMIT_LOC_STRINGS = NO;
				SWIFT_VERSION = 5.0;
				TARGETED_DEVICE_FAMILY = "1,2";
				TEST_HOST = "$(BUILT_PRODUCTS_DIR)/Mad Lib.app/$(BUNDLE_EXECUTABLE_FOLDER_PATH)/Mad Lib";
			};
			name = Debug;
		};
		D4D523252AAB89CC00285EAD /* Release */ = {
			isa = XCBuildConfiguration;
			buildSettings = {
				ALWAYS_EMBED_SWIFT_STANDARD_LIBRARIES = YES;
				BUNDLE_LOADER = "$(TEST_HOST)";
				CODE_SIGN_STYLE = Automatic;
				CURRENT_PROJECT_VERSION = 1;
				DEVELOPMENT_TEAM = H2ANL4K7JB;
				GENERATE_INFOPLIST_FILE = YES;
				IPHONEOS_DEPLOYMENT_TARGET = 16.4;
				MACOSX_DEPLOYMENT_TARGET = 13.3;
				MARKETING_VERSION = 1.0;
				PRODUCT_BUNDLE_IDENTIFIER = "com.example.Mad-LibTests";
				PRODUCT_NAME = "$(TARGET_NAME)";
				SDKROOT = auto;
				SUPPORTED_PLATFORMS = "iphoneos iphonesimulator macosx";
				SWIFT_EMIT_LOC_STRINGS = NO;
				SWIFT_VERSION = 5.0;
				TARGETED_DEVICE_FAMILY = "1,2";
				TEST_HOST = "$(BUILT_PRODUCTS_DIR)/Mad Lib.app/$(BUNDLE_EXECUTABLE_FOLDER_PATH)/Mad Lib";
			};
			name = Release;
		};
		D4D523272AAB89CC00285EAD /* Debug */ = {
			isa = XCBuildConfiguration;
			buildSettings = {
				ALWAYS_EMBED_SWIFT_STANDARD_LIBRARIES = YES;
				CODE_SIGN_STYLE = Automatic;
				CURRENT_PROJECT_VERSION = 1;
				DEVELOPMENT_TEAM = H2ANL4K7JB;
				GENERATE_INFOPLIST_FILE = YES;
				IPHONEOS_DEPLOYMENT_TARGET = 16.4;
				MACOSX_DEPLOYMENT_TARGET = 13.3;
				MARKETING_VERSION = 1.0;
				PRODUCT_BUNDLE_IDENTIFIER = "com.example.Mad-LibUITests";
				PRODUCT_NAME = "$(TARGET_NAME)";
				SDKROOT = auto;
				SUPPORTED_PLATFORMS = "iphoneos iphonesimulator macosx";
				SWIFT_EMIT_LOC_STRINGS = NO;
				SWIFT_VERSION = 5.0;
				TARGETED_DEVICE_FAMILY = "1,2";
				TEST_TARGET_NAME = "Mad Lib";
			};
			name = Debug;
		};
		D4D523282AAB89CC00285EAD /* Release */ = {
			isa = XCBuildConfiguration;
			buildSettings = {
				ALWAYS_EMBED_SWIFT_STANDARD_LIBRARIES = YES;
				CODE_SIGN_STYLE = Automatic;
				CURRENT_PROJECT_VERSION = 1;
				DEVELOPMENT_TEAM = H2ANL4K7JB;
				GENERATE_INFOPLIST_FILE = YES;
				IPHONEOS_DEPLOYMENT_TARGET = 16.4;
				MACOSX_DEPLOYMENT_TARGET = 13.3;
				MARKETING_VERSION = 1.0;
				PRODUCT_BUNDLE_IDENTIFIER = "com.example.Mad-LibUITests";
				PRODUCT_NAME = "$(TARGET_NAME)";
				SDKROOT = auto;
				SUPPORTED_PLATFORMS = "iphoneos iphonesimulator macosx";
				SWIFT_EMIT_LOC_STRINGS = NO;
				SWIFT_VERSION = 5.0;
				TARGETED_DEVICE_FAMILY = "1,2";
				TEST_TARGET_NAME = "Mad Lib";
			};
			name = Release;
		};
/* End XCBuildConfiguration section */

/* Begin XCConfigurationList section */
		D4D522F62AAB89C700285EAD /* Build configuration list for PBXProject "Mad Lib" */ = {
			isa = XCConfigurationList;
			buildConfigurations = (
				D4D5231E2AAB89CC00285EAD /* Debug */,
				D4D5231F2AAB89CC00285EAD /* Release */,
			);
			defaultConfigurationIsVisible = 0;
			defaultConfigurationName = Release;
		};
		D4D523202AAB89CC00285EAD /* Build configuration list for PBXNativeTarget "Mad Lib" */ = {
			isa = XCConfigurationList;
			buildConfigurations = (
				D4D523212AAB89CC00285EAD /* Debug */,
				D4D523222AAB89CC00285EAD /* Release */,
			);
			defaultConfigurationIsVisible = 0;
			defaultConfigurationName = Release;
		};
		D4D523232AAB89CC00285EAD /* Build configuration list for PBXNativeTarget "Mad LibTests" */ = {
			isa = XCConfigurationList;
			buildConfigurations = (
				D4D523242AAB89CC00285EAD /* Debug */,
				D4D523252AAB89CC00285EAD /* Release */,
			);
			defaultConfigurationIsVisible = 0;
			defaultConfigurationName = Release;
		};
		D4D523262AAB89CC00285EAD /* Build configuration list for PBXNativeTarget "Mad LibUITests" */ = {
			isa = XCConfigurationList;
			buildConfigurations = (
				D4D523272AAB89CC00285EAD /* Debug */,
				D4D523282AAB89CC00285EAD /* Release */,
			);
			defaultConfigurationIsVisible = 0;
			defaultConfigurationName = Release;
		};
/* End XCConfigurationList section */
	};
	rootObject = D4D522F32AAB89C700285EAD /* Project object */;
}
