// !$*UTF8*$!
{
	archiveVersion = 1;
	classes = {
	};
	objectVersion = 56;
	objects = {

/* Begin PBXBuildFile section */
		D43490122AA1542C0098FD17 /* hello_world_2App.swift in Sources */ = {isa = PBXBuildFile; fileRef = D43490112AA1542C0098FD17 /* hello_world_2App.swift */; };
		D43490142AA1542C0098FD17 /* ContentView.swift in Sources */ = {isa = PBXBuildFile; fileRef = D43490132AA1542C0098FD17 /* ContentView.swift */; };
		D43490162AA1542E0098FD17 /* Assets.xcassets in Resources */ = {isa = PBXBuildFile; fileRef = D43490152AA1542E0098FD17 /* Assets.xcassets */; };
		D434901A2AA1542E0098FD17 /* Preview Assets.xcassets in Resources */ = {isa = PBXBuildFile; fileRef = D43490192AA1542E0098FD17 /* Preview Assets.xcassets */; };
		D43490242AA1542F0098FD17 /* hello_world_2Tests.swift in Sources */ = {isa = PBXBuildFile; fileRef = D43490232AA1542F0098FD17 /* hello_world_2Tests.swift */; };
		D434902E2AA1542F0098FD17 /* hello_world_2UITests.swift in Sources */ = {isa = PBXBuildFile; fileRef = D434902D2AA1542F0098FD17 /* hello_world_2UITests.swift */; };
		D43490302AA1542F0098FD17 /* hello_world_2UITestsLaunchTests.swift in Sources */ = {isa = PBXBuildFile; fileRef = D434902F2AA1542F0098FD17 /* hello_world_2UITestsLaunchTests.swift */; };
/* End PBXBuildFile section */

/* Begin PBXContainerItemProxy section */
		D43490202AA1542F0098FD17 /* PBXContainerItemProxy */ = {
			isa = PBXContainerItemProxy;
			containerPortal = D43490062AA1542C0098FD17 /* Project object */;
			proxyType = 1;
			remoteGlobalIDString = D434900D2AA1542C0098FD17;
			remoteInfo = "hello world 2";
		};
		D434902A2AA1542F0098FD17 /* PBXContainerItemProxy */ = {
			isa = PBXContainerItemProxy;
			containerPortal = D43490062AA1542C0098FD17 /* Project object */;
			proxyType = 1;
			remoteGlobalIDString = D434900D2AA1542C0098FD17;
			remoteInfo = "hello world 2";
		};
/* End PBXContainerItemProxy section */

/* Begin PBXFileReference section */
		D434900E2AA1542C0098FD17 /* hello world 2.app */ = {isa = PBXFileReference; explicitFileType = wrapper.application; includeInIndex = 0; path = "hello world 2.app"; sourceTree = BUILT_PRODUCTS_DIR; };
		D43490112AA1542C0098FD17 /* hello_world_2App.swift */ = {isa = PBXFileReference; lastKnownFileType = sourcecode.swift; path = hello_world_2App.swift; sourceTree = "<group>"; };
		D43490132AA1542C0098FD17 /* ContentView.swift */ = {isa = PBXFileReference; lastKnownFileType = sourcecode.swift; path = ContentView.swift; sourceTree = "<group>"; };
		D43490152AA1542E0098FD17 /* Assets.xcassets */ = {isa = PBXFileReference; lastKnownFileType = folder.assetcatalog; path = Assets.xcassets; sourceTree = "<group>"; };
		D43490172AA1542E0098FD17 /* hello_world_2.entitlements */ = {isa = PBXFileReference; lastKnownFileType = text.plist.entitlements; path = hello_world_2.entitlements; sourceTree = "<group>"; };
		D43490192AA1542E0098FD17 /* Preview Assets.xcassets */ = {isa = PBXFileReference; lastKnownFileType = folder.assetcatalog; path = "Preview Assets.xcassets"; sourceTree = "<group>"; };
		D434901F2AA1542F0098FD17 /* hello world 2Tests.xctest */ = {isa = PBXFileReference; explicitFileType = wrapper.cfbundle; includeInIndex = 0; path = "hello world 2Tests.xctest"; sourceTree = BUILT_PRODUCTS_DIR; };
		D43490232AA1542F0098FD17 /* hello_world_2Tests.swift */ = {isa = PBXFileReference; lastKnownFileType = sourcecode.swift; path = hello_world_2Tests.swift; sourceTree = "<group>"; };
		D43490292AA1542F0098FD17 /* hello world 2UITests.xctest */ = {isa = PBXFileReference; explicitFileType = wrapper.cfbundle; includeInIndex = 0; path = "hello world 2UITests.xctest"; sourceTree = BUILT_PRODUCTS_DIR; };
		D434902D2AA1542F0098FD17 /* hello_world_2UITests.swift */ = {isa = PBXFileReference; lastKnownFileType = sourcecode.swift; path = hello_world_2UITests.swift; sourceTree = "<group>"; };
		D434902F2AA1542F0098FD17 /* hello_world_2UITestsLaunchTests.swift */ = {isa = PBXFileReference; lastKnownFileType = sourcecode.swift; path = hello_world_2UITestsLaunchTests.swift; sourceTree = "<group>"; };
/* End PBXFileReference section */

/* Begin PBXFrameworksBuildPhase section */
		D434900B2AA1542C0098FD17 /* Frameworks */ = {
			isa = PBXFrameworksBuildPhase;
			buildActionMask = 2147483647;
			files = (
			);
			runOnlyForDeploymentPostprocessing = 0;
		};
		D434901C2AA1542F0098FD17 /* Frameworks */ = {
			isa = PBXFrameworksBuildPhase;
			buildActionMask = 2147483647;
			files = (
			);
			runOnlyForDeploymentPostprocessing = 0;
		};
		D43490262AA1542F0098FD17 /* Frameworks */ = {
			isa = PBXFrameworksBuildPhase;
			buildActionMask = 2147483647;
			files = (
			);
			runOnlyForDeploymentPostprocessing = 0;
		};
/* End PBXFrameworksBuildPhase section */

/* Begin PBXGroup section */
		D43490052AA1542C0098FD17 = {
			isa = PBXGroup;
			children = (
				D43490102AA1542C0098FD17 /* hello world 2 */,
				D43490222AA1542F0098FD17 /* hello world 2Tests */,
				D434902C2AA1542F0098FD17 /* hello world 2UITests */,
				D434900F2AA1542C0098FD17 /* Products */,
			);
			sourceTree = "<group>";
		};
		D434900F2AA1542C0098FD17 /* Products */ = {
			isa = PBXGroup;
			children = (
				D434900E2AA1542C0098FD17 /* hello world 2.app */,
				D434901F2AA1542F0098FD17 /* hello world 2Tests.xctest */,
				D43490292AA1542F0098FD17 /* hello world 2UITests.xctest */,
			);
			name = Products;
			sourceTree = "<group>";
		};
		D43490102AA1542C0098FD17 /* hello world 2 */ = {
			isa = PBXGroup;
			children = (
				D43490112AA1542C0098FD17 /* hello_world_2App.swift */,
				D43490132AA1542C0098FD17 /* ContentView.swift */,
				D43490152AA1542E0098FD17 /* Assets.xcassets */,
				D43490172AA1542E0098FD17 /* hello_world_2.entitlements */,
				D43490182AA1542E0098FD17 /* Preview Content */,
			);
			path = "hello world 2";
			sourceTree = "<group>";
		};
		D43490182AA1542E0098FD17 /* Preview Content */ = {
			isa = PBXGroup;
			children = (
				D43490192AA1542E0098FD17 /* Preview Assets.xcassets */,
			);
			path = "Preview Content";
			sourceTree = "<group>";
		};
		D43490222AA1542F0098FD17 /* hello world 2Tests */ = {
			isa = PBXGroup;
			children = (
				D43490232AA1542F0098FD17 /* hello_world_2Tests.swift */,
			);
			path = "hello world 2Tests";
			sourceTree = "<group>";
		};
		D434902C2AA1542F0098FD17 /* hello world 2UITests */ = {
			isa = PBXGroup;
			children = (
				D434902D2AA1542F0098FD17 /* hello_world_2UITests.swift */,
				D434902F2AA1542F0098FD17 /* hello_world_2UITestsLaunchTests.swift */,
			);
			path = "hello world 2UITests";
			sourceTree = "<group>";
		};
/* End PBXGroup section */

/* Begin PBXNativeTarget section */
		D434900D2AA1542C0098FD17 /* hello world 2 */ = {
			isa = PBXNativeTarget;
			buildConfigurationList = D43490332AA1542F0098FD17 /* Build configuration list for PBXNativeTarget "hello world 2" */;
			buildPhases = (
				D434900A2AA1542C0098FD17 /* Sources */,
				D434900B2AA1542C0098FD17 /* Frameworks */,
				D434900C2AA1542C0098FD17 /* Resources */,
			);
			buildRules = (
			);
			dependencies = (
			);
			name = "hello world 2";
			productName = "hello world 2";
			productReference = D434900E2AA1542C0098FD17 /* hello world 2.app */;
			productType = "com.apple.product-type.application";
		};
		D434901E2AA1542F0098FD17 /* hello world 2Tests */ = {
			isa = PBXNativeTarget;
			buildConfigurationList = D43490362AA1542F0098FD17 /* Build configuration list for PBXNativeTarget "hello world 2Tests" */;
			buildPhases = (
				D434901B2AA1542F0098FD17 /* Sources */,
				D434901C2AA1542F0098FD17 /* Frameworks */,
				D434901D2AA1542F0098FD17 /* Resources */,
			);
			buildRules = (
			);
			dependencies = (
				D43490212AA1542F0098FD17 /* PBXTargetDependency */,
			);
			name = "hello world 2Tests";
			productName = "hello world 2Tests";
			productReference = D434901F2AA1542F0098FD17 /* hello world 2Tests.xctest */;
			productType = "com.apple.product-type.bundle.unit-test";
		};
		D43490282AA1542F0098FD17 /* hello world 2UITests */ = {
			isa = PBXNativeTarget;
			buildConfigurationList = D43490392AA1542F0098FD17 /* Build configuration list for PBXNativeTarget "hello world 2UITests" */;
			buildPhases = (
				D43490252AA1542F0098FD17 /* Sources */,
				D43490262AA1542F0098FD17 /* Frameworks */,
				D43490272AA1542F0098FD17 /* Resources */,
			);
			buildRules = (
			);
			dependencies = (
				D434902B2AA1542F0098FD17 /* PBXTargetDependency */,
			);
			name = "hello world 2UITests";
			productName = "hello world 2UITests";
			productReference = D43490292AA1542F0098FD17 /* hello world 2UITests.xctest */;
			productType = "com.apple.product-type.bundle.ui-testing";
		};
/* End PBXNativeTarget section */

/* Begin PBXProject section */
		D43490062AA1542C0098FD17 /* Project object */ = {
			isa = PBXProject;
			attributes = {
				BuildIndependentTargetsInParallel = 1;
				LastSwiftUpdateCheck = 1430;
				LastUpgradeCheck = 1430;
				TargetAttributes = {
					D434900D2AA1542C0098FD17 = {
						CreatedOnToolsVersion = 14.3.1;
					};
					D434901E2AA1542F0098FD17 = {
						CreatedOnToolsVersion = 14.3.1;
						TestTargetID = D434900D2AA1542C0098FD17;
					};
					D43490282AA1542F0098FD17 = {
						CreatedOnToolsVersion = 14.3.1;
						TestTargetID = D434900D2AA1542C0098FD17;
					};
				};
			};
			buildConfigurationList = D43490092AA1542C0098FD17 /* Build configuration list for PBXProject "hello world 2" */;
			compatibilityVersion = "Xcode 14.0";
			developmentRegion = en;
			hasScannedForEncodings = 0;
			knownRegions = (
				en,
				Base,
			);
			mainGroup = D43490052AA1542C0098FD17;
			productRefGroup = D434900F2AA1542C0098FD17 /* Products */;
			projectDirPath = "";
			projectRoot = "";
			targets = (
				D434900D2AA1542C0098FD17 /* hello world 2 */,
				D434901E2AA1542F0098FD17 /* hello world 2Tests */,
				D43490282AA1542F0098FD17 /* hello world 2UITests */,
			);
		};
/* End PBXProject section */

/* Begin PBXResourcesBuildPhase section */
		D434900C2AA1542C0098FD17 /* Resources */ = {
			isa = PBXResourcesBuildPhase;
			buildActionMask = 2147483647;
			files = (
				D434901A2AA1542E0098FD17 /* Preview Assets.xcassets in Resources */,
				D43490162AA1542E0098FD17 /* Assets.xcassets in Resources */,
			);
			runOnlyForDeploymentPostprocessing = 0;
		};
		D434901D2AA1542F0098FD17 /* Resources */ = {
			isa = PBXResourcesBuildPhase;
			buildActionMask = 2147483647;
			files = (
			);
			runOnlyForDeploymentPostprocessing = 0;
		};
		D43490272AA1542F0098FD17 /* Resources */ = {
			isa = PBXResourcesBuildPhase;
			buildActionMask = 2147483647;
			files = (
			);
			runOnlyForDeploymentPostprocessing = 0;
		};
/* End PBXResourcesBuildPhase section */

/* Begin PBXSourcesBuildPhase section */
		D434900A2AA1542C0098FD17 /* Sources */ = {
			isa = PBXSourcesBuildPhase;
			buildActionMask = 2147483647;
			files = (
				D43490142AA1542C0098FD17 /* ContentView.swift in Sources */,
				D43490122AA1542C0098FD17 /* hello_world_2App.swift in Sources */,
			);
			runOnlyForDeploymentPostprocessing = 0;
		};
		D434901B2AA1542F0098FD17 /* Sources */ = {
			isa = PBXSourcesBuildPhase;
			buildActionMask = 2147483647;
			files = (
				D43490242AA1542F0098FD17 /* hello_world_2Tests.swift in Sources */,
			);
			runOnlyForDeploymentPostprocessing = 0;
		};
		D43490252AA1542F0098FD17 /* Sources */ = {
			isa = PBXSourcesBuildPhase;
			buildActionMask = 2147483647;
			files = (
				D434902E2AA1542F0098FD17 /* hello_world_2UITests.swift in Sources */,
				D43490302AA1542F0098FD17 /* hello_world_2UITestsLaunchTests.swift in Sources */,
			);
			runOnlyForDeploymentPostprocessing = 0;
		};
/* End PBXSourcesBuildPhase section */

/* Begin PBXTargetDependency section */
		D43490212AA1542F0098FD17 /* PBXTargetDependency */ = {
			isa = PBXTargetDependency;
			target = D434900D2AA1542C0098FD17 /* hello world 2 */;
			targetProxy = D43490202AA1542F0098FD17 /* PBXContainerItemProxy */;
		};
		D434902B2AA1542F0098FD17 /* PBXTargetDependency */ = {
			isa = PBXTargetDependency;
			target = D434900D2AA1542C0098FD17 /* hello world 2 */;
			targetProxy = D434902A2AA1542F0098FD17 /* PBXContainerItemProxy */;
		};
/* End PBXTargetDependency section */

/* Begin XCBuildConfiguration section */
		D43490312AA1542F0098FD17 /* Debug */ = {
			isa = XCBuildConfiguration;
			buildSettings = {
				ALWAYS_SEARCH_USER_PATHS = NO;
				CLANG_ANALYZER_NONNULL = YES;
				CLANG_ANALYZER_NUMBER_OBJECT_CONVERSION = YES_AGGRESSIVE;
				CLANG_CXX_LANGUAGE_STANDARD = "gnu++20";
				CLANG_ENABLE_MODULES = YES;
				CLANG_ENABLE_OBJC_ARC = YES;
				CLANG_ENABLE_OBJC_WEAK = YES;
				CLANG_WARN_BLOCK_CAPTURE_AUTORELEASING = YES;
				CLANG_WARN_BOOL_CONVERSION = YES;
				CLANG_WARN_COMMA = YES;
				CLANG_WARN_CONSTANT_CONVERSION = YES;
				CLANG_WARN_DEPRECATED_OBJC_IMPLEMENTATIONS = YES;
				CLANG_WARN_DIRECT_OBJC_ISA_USAGE = YES_ERROR;
				CLANG_WARN_DOCUMENTATION_COMMENTS = YES;
				CLANG_WARN_EMPTY_BODY = YES;
				CLANG_WARN_ENUM_CONVERSION = YES;
				CLANG_WARN_INFINITE_RECURSION = YES;
				CLANG_WARN_INT_CONVERSION = YES;
				CLANG_WARN_NON_LITERAL_NULL_CONVERSION = YES;
				CLANG_WARN_OBJC_IMPLICIT_RETAIN_SELF = YES;
				CLANG_WARN_OBJC_LITERAL_CONVERSION = YES;
				CLANG_WARN_OBJC_ROOT_CLASS = YES_ERROR;
				CLANG_WARN_QUOTED_INCLUDE_IN_FRAMEWORK_HEADER = YES;
				CLANG_WARN_RANGE_LOOP_ANALYSIS = YES;
				CLANG_WARN_STRICT_PROTOTYPES = YES;
				CLANG_WARN_SUSPICIOUS_MOVE = YES;
				CLANG_WARN_UNGUARDED_AVAILABILITY = YES_AGGRESSIVE;
				CLANG_WARN_UNREACHABLE_CODE = YES;
				CLANG_WARN__DUPLICATE_METHOD_MATCH = YES;
				COPY_PHASE_STRIP = NO;
				DEBUG_INFORMATION_FORMAT = dwarf;
				ENABLE_STRICT_OBJC_MSGSEND = YES;
				ENABLE_TESTABILITY = YES;
				GCC_C_LANGUAGE_STANDARD = gnu11;
				GCC_DYNAMIC_NO_PIC = NO;
				GCC_NO_COMMON_BLOCKS = YES;
				GCC_OPTIMIZATION_LEVEL = 0;
				GCC_PREPROCESSOR_DEFINITIONS = (
					"DEBUG=1",
					"$(inherited)",
				);
				GCC_WARN_64_TO_32_BIT_CONVERSION = YES;
				GCC_WARN_ABOUT_RETURN_TYPE = YES_ERROR;
				GCC_WARN_UNDECLARED_SELECTOR = YES;
				GCC_WARN_UNINITIALIZED_AUTOS = YES_AGGRESSIVE;
				GCC_WARN_UNUSED_FUNCTION = YES;
				GCC_WARN_UNUSED_VARIABLE = YES;
				MTL_ENABLE_DEBUG_INFO = INCLUDE_SOURCE;
				MTL_FAST_MATH = YES;
				ONLY_ACTIVE_ARCH = YES;
				SWIFT_ACTIVE_COMPILATION_CONDITIONS = DEBUG;
				SWIFT_OPTIMIZATION_LEVEL = "-Onone";
			};
			name = Debug;
		};
		D43490322AA1542F0098FD17 /* Release */ = {
			isa = XCBuildConfiguration;
			buildSettings = {
				ALWAYS_SEARCH_USER_PATHS = NO;
				CLANG_ANALYZER_NONNULL = YES;
				CLANG_ANALYZER_NUMBER_OBJECT_CONVERSION = YES_AGGRESSIVE;
				CLANG_CXX_LANGUAGE_STANDARD = "gnu++20";
				CLANG_ENABLE_MODULES = YES;
				CLANG_ENABLE_OBJC_ARC = YES;
				CLANG_ENABLE_OBJC_WEAK = YES;
				CLANG_WARN_BLOCK_CAPTURE_AUTORELEASING = YES;
				CLANG_WARN_BOOL_CONVERSION = YES;
				CLANG_WARN_COMMA = YES;
				CLANG_WARN_CONSTANT_CONVERSION = YES;
				CLANG_WARN_DEPRECATED_OBJC_IMPLEMENTATIONS = YES;
				CLANG_WARN_DIRECT_OBJC_ISA_USAGE = YES_ERROR;
				CLANG_WARN_DOCUMENTATION_COMMENTS = YES;
				CLANG_WARN_EMPTY_BODY = YES;
				CLANG_WARN_ENUM_CONVERSION = YES;
				CLANG_WARN_INFINITE_RECURSION = YES;
				CLANG_WARN_INT_CONVERSION = YES;
				CLANG_WARN_NON_LITERAL_NULL_CONVERSION = YES;
				CLANG_WARN_OBJC_IMPLICIT_RETAIN_SELF = YES;
				CLANG_WARN_OBJC_LITERAL_CONVERSION = YES;
				CLANG_WARN_OBJC_ROOT_CLASS = YES_ERROR;
				CLANG_WARN_QUOTED_INCLUDE_IN_FRAMEWORK_HEADER = YES;
				CLANG_WARN_RANGE_LOOP_ANALYSIS = YES;
				CLANG_WARN_STRICT_PROTOTYPES = YES;
				CLANG_WARN_SUSPICIOUS_MOVE = YES;
				CLANG_WARN_UNGUARDED_AVAILABILITY = YES_AGGRESSIVE;
				CLANG_WARN_UNREACHABLE_CODE = YES;
				CLANG_WARN__DUPLICATE_METHOD_MATCH = YES;
				COPY_PHASE_STRIP = NO;
				DEBUG_INFORMATION_FORMAT = "dwarf-with-dsym";
				ENABLE_NS_ASSERTIONS = NO;
				ENABLE_STRICT_OBJC_MSGSEND = YES;
				GCC_C_LANGUAGE_STANDARD = gnu11;
				GCC_NO_COMMON_BLOCKS = YES;
				GCC_WARN_64_TO_32_BIT_CONVERSION = YES;
				GCC_WARN_ABOUT_RETURN_TYPE = YES_ERROR;
				GCC_WARN_UNDECLARED_SELECTOR = YES;
				GCC_WARN_UNINITIALIZED_AUTOS = YES_AGGRESSIVE;
				GCC_WARN_UNUSED_FUNCTION = YES;
				GCC_WARN_UNUSED_VARIABLE = YES;
				MTL_ENABLE_DEBUG_INFO = NO;
				MTL_FAST_MATH = YES;
				SWIFT_COMPILATION_MODE = wholemodule;
				SWIFT_OPTIMIZATION_LEVEL = "-O";
			};
			name = Release;
		};
		D43490342AA1542F0098FD17 /* Debug */ = {
			isa = XCBuildConfiguration;
			buildSettings = {
				ASSETCATALOG_COMPILER_APPICON_NAME = AppIcon;
				ASSETCATALOG_COMPILER_GLOBAL_ACCENT_COLOR_NAME = AccentColor;
				CODE_SIGN_ENTITLEMENTS = "hello world 2/hello_world_2.entitlements";
				CODE_SIGN_STYLE = Automatic;
				CURRENT_PROJECT_VERSION = 1;
				DEVELOPMENT_ASSET_PATHS = "\"hello world 2/Preview Content\"";
				ENABLE_PREVIEWS = YES;
				GENERATE_INFOPLIST_FILE = YES;
				"INFOPLIST_KEY_UIApplicationSceneManifest_Generation[sdk=iphoneos*]" = YES;
				"INFOPLIST_KEY_UIApplicationSceneManifest_Generation[sdk=iphonesimulator*]" = YES;
				"INFOPLIST_KEY_UIApplicationSupportsIndirectInputEvents[sdk=iphoneos*]" = YES;
				"INFOPLIST_KEY_UIApplicationSupportsIndirectInputEvents[sdk=iphonesimulator*]" = YES;
				"INFOPLIST_KEY_UILaunchScreen_Generation[sdk=iphoneos*]" = YES;
				"INFOPLIST_KEY_UILaunchScreen_Generation[sdk=iphonesimulator*]" = YES;
				"INFOPLIST_KEY_UIStatusBarStyle[sdk=iphoneos*]" = UIStatusBarStyleDefault;
				"INFOPLIST_KEY_UIStatusBarStyle[sdk=iphonesimulator*]" = UIStatusBarStyleDefault;
				INFOPLIST_KEY_UISupportedInterfaceOrientations_iPad = "UIInterfaceOrientationPortrait UIInterfaceOrientationPortraitUpsideDown UIInterfaceOrientationLandscapeLeft UIInterfaceOrientationLandscapeRight";
				INFOPLIST_KEY_UISupportedInterfaceOrientations_iPhone = "UIInterfaceOrientationPortrait UIInterfaceOrientationLandscapeLeft UIInterfaceOrientationLandscapeRight";
				IPHONEOS_DEPLOYMENT_TARGET = 16.4;
				LD_RUNPATH_SEARCH_PATHS = "@executable_path/Frameworks";
				"LD_RUNPATH_SEARCH_PATHS[sdk=macosx*]" = "@executable_path/../Frameworks";
				MACOSX_DEPLOYMENT_TARGET = 13.3;
				MARKETING_VERSION = 1.0;
				PRODUCT_BUNDLE_IDENTIFIER = "com.example.hello-world-2";
				PRODUCT_NAME = "$(TARGET_NAME)";
				SDKROOT = auto;
				SUPPORTED_PLATFORMS = "iphoneos iphonesimulator macosx";
				SWIFT_EMIT_LOC_STRINGS = YES;
				SWIFT_VERSION = 5.0;
				TARGETED_DEVICE_FAMILY = "1,2";
			};
			name = Debug;
		};
		D43490352AA1542F0098FD17 /* Release */ = {
			isa = XCBuildConfiguration;
			buildSettings = {
				ASSETCATALOG_COMPILER_APPICON_NAME = AppIcon;
				ASSETCATALOG_COMPILER_GLOBAL_ACCENT_COLOR_NAME = AccentColor;
				CODE_SIGN_ENTITLEMENTS = "hello world 2/hello_world_2.entitlements";
				CODE_SIGN_STYLE = Automatic;
				CURRENT_PROJECT_VERSION = 1;
				DEVELOPMENT_ASSET_PATHS = "\"hello world 2/Preview Content\"";
				ENABLE_PREVIEWS = YES;
				GENERATE_INFOPLIST_FILE = YES;
				"INFOPLIST_KEY_UIApplicationSceneManifest_Generation[sdk=iphoneos*]" = YES;
				"INFOPLIST_KEY_UIApplicationSceneManifest_Generation[sdk=iphonesimulator*]" = YES;
				"INFOPLIST_KEY_UIApplicationSupportsIndirectInputEvents[sdk=iphoneos*]" = YES;
				"INFOPLIST_KEY_UIApplicationSupportsIndirectInputEvents[sdk=iphonesimulator*]" = YES;
				"INFOPLIST_KEY_UILaunchScreen_Generation[sdk=iphoneos*]" = YES;
				"INFOPLIST_KEY_UILaunchScreen_Generation[sdk=iphonesimulator*]" = YES;
				"INFOPLIST_KEY_UIStatusBarStyle[sdk=iphoneos*]" = UIStatusBarStyleDefault;
				"INFOPLIST_KEY_UIStatusBarStyle[sdk=iphonesimulator*]" = UIStatusBarStyleDefault;
				INFOPLIST_KEY_UISupportedInterfaceOrientations_iPad = "UIInterfaceOrientationPortrait UIInterfaceOrientationPortraitUpsideDown UIInterfaceOrientationLandscapeLeft UIInterfaceOrientationLandscapeRight";
				INFOPLIST_KEY_UISupportedInterfaceOrientations_iPhone = "UIInterfaceOrientationPortrait UIInterfaceOrientationLandscapeLeft UIInterfaceOrientationLandscapeRight";
				IPHONEOS_DEPLOYMENT_TARGET = 16.4;
				LD_RUNPATH_SEARCH_PATHS = "@executable_path/Frameworks";
				"LD_RUNPATH_SEARCH_PATHS[sdk=macosx*]" = "@executable_path/../Frameworks";
				MACOSX_DEPLOYMENT_TARGET = 13.3;
				MARKETING_VERSION = 1.0;
				PRODUCT_BUNDLE_IDENTIFIER = "com.example.hello-world-2";
				PRODUCT_NAME = "$(TARGET_NAME)";
				SDKROOT = auto;
				SUPPORTED_PLATFORMS = "iphoneos iphonesimulator macosx";
				SWIFT_EMIT_LOC_STRINGS = YES;
				SWIFT_VERSION = 5.0;
				TARGETED_DEVICE_FAMILY = "1,2";
			};
			name = Release;
		};
		D43490372AA1542F0098FD17 /* Debug */ = {
			isa = XCBuildConfiguration;
			buildSettings = {
				ALWAYS_EMBED_SWIFT_STANDARD_LIBRARIES = YES;
				BUNDLE_LOADER = "$(TEST_HOST)";
				CODE_SIGN_STYLE = Automatic;
				CURRENT_PROJECT_VERSION = 1;
				GENERATE_INFOPLIST_FILE = YES;
				IPHONEOS_DEPLOYMENT_TARGET = 16.4;
				MACOSX_DEPLOYMENT_TARGET = 13.3;
				MARKETING_VERSION = 1.0;
				PRODUCT_BUNDLE_IDENTIFIER = "com.example.hello-world-2Tests";
				PRODUCT_NAME = "$(TARGET_NAME)";
				SDKROOT = auto;
				SUPPORTED_PLATFORMS = "iphoneos iphonesimulator macosx";
				SWIFT_EMIT_LOC_STRINGS = NO;
				SWIFT_VERSION = 5.0;
				TARGETED_DEVICE_FAMILY = "1,2";
				TEST_HOST = "$(BUILT_PRODUCTS_DIR)/hello world 2.app/$(BUNDLE_EXECUTABLE_FOLDER_PATH)/hello world 2";
			};
			name = Debug;
		};
		D43490382AA1542F0098FD17 /* Release */ = {
			isa = XCBuildConfiguration;
			buildSettings = {
				ALWAYS_EMBED_SWIFT_STANDARD_LIBRARIES = YES;
				BUNDLE_LOADER = "$(TEST_HOST)";
				CODE_SIGN_STYLE = Automatic;
				CURRENT_PROJECT_VERSION = 1;
				GENERATE_INFOPLIST_FILE = YES;
				IPHONEOS_DEPLOYMENT_TARGET = 16.4;
				MACOSX_DEPLOYMENT_TARGET = 13.3;
				MARKETING_VERSION = 1.0;
				PRODUCT_BUNDLE_IDENTIFIER = "com.example.hello-world-2Tests";
				PRODUCT_NAME = "$(TARGET_NAME)";
				SDKROOT = auto;
				SUPPORTED_PLATFORMS = "iphoneos iphonesimulator macosx";
				SWIFT_EMIT_LOC_STRINGS = NO;
				SWIFT_VERSION = 5.0;
				TARGETED_DEVICE_FAMILY = "1,2";
				TEST_HOST = "$(BUILT_PRODUCTS_DIR)/hello world 2.app/$(BUNDLE_EXECUTABLE_FOLDER_PATH)/hello world 2";
			};
			name = Release;
		};
		D434903A2AA1542F0098FD17 /* Debug */ = {
			isa = XCBuildConfiguration;
			buildSettings = {
				ALWAYS_EMBED_SWIFT_STANDARD_LIBRARIES = YES;
				CODE_SIGN_STYLE = Automatic;
				CURRENT_PROJECT_VERSION = 1;
				GENERATE_INFOPLIST_FILE = YES;
				IPHONEOS_DEPLOYMENT_TARGET = 16.4;
				MACOSX_DEPLOYMENT_TARGET = 13.3;
				MARKETING_VERSION = 1.0;
				PRODUCT_BUNDLE_IDENTIFIER = "com.example.hello-world-2UITests";
				PRODUCT_NAME = "$(TARGET_NAME)";
				SDKROOT = auto;
				SUPPORTED_PLATFORMS = "iphoneos iphonesimulator macosx";
				SWIFT_EMIT_LOC_STRINGS = NO;
				SWIFT_VERSION = 5.0;
				TARGETED_DEVICE_FAMILY = "1,2";
				TEST_TARGET_NAME = "hello world 2";
			};
			name = Debug;
		};
		D434903B2AA1542F0098FD17 /* Release */ = {
			isa = XCBuildConfiguration;
			buildSettings = {
				ALWAYS_EMBED_SWIFT_STANDARD_LIBRARIES = YES;
				CODE_SIGN_STYLE = Automatic;
				CURRENT_PROJECT_VERSION = 1;
				GENERATE_INFOPLIST_FILE = YES;
				IPHONEOS_DEPLOYMENT_TARGET = 16.4;
				MACOSX_DEPLOYMENT_TARGET = 13.3;
				MARKETING_VERSION = 1.0;
				PRODUCT_BUNDLE_IDENTIFIER = "com.example.hello-world-2UITests";
				PRODUCT_NAME = "$(TARGET_NAME)";
				SDKROOT = auto;
				SUPPORTED_PLATFORMS = "iphoneos iphonesimulator macosx";
				SWIFT_EMIT_LOC_STRINGS = NO;
				SWIFT_VERSION = 5.0;
				TARGETED_DEVICE_FAMILY = "1,2";
				TEST_TARGET_NAME = "hello world 2";
			};
			name = Release;
		};
/* End XCBuildConfiguration section */

/* Begin XCConfigurationList section */
		D43490092AA1542C0098FD17 /* Build configuration list for PBXProject "hello world 2" */ = {
			isa = XCConfigurationList;
			buildConfigurations = (
				D43490312AA1542F0098FD17 /* Debug */,
				D43490322AA1542F0098FD17 /* Release */,
			);
			defaultConfigurationIsVisible = 0;
			defaultConfigurationName = Release;
		};
		D43490332AA1542F0098FD17 /* Build configuration list for PBXNativeTarget "hello world 2" */ = {
			isa = XCConfigurationList;
			buildConfigurations = (
				D43490342AA1542F0098FD17 /* Debug */,
				D43490352AA1542F0098FD17 /* Release */,
			);
			defaultConfigurationIsVisible = 0;
			defaultConfigurationName = Release;
		};
		D43490362AA1542F0098FD17 /* Build configuration list for PBXNativeTarget "hello world 2Tests" */ = {
			isa = XCConfigurationList;
			buildConfigurations = (
				D43490372AA1542F0098FD17 /* Debug */,
				D43490382AA1542F0098FD17 /* Release */,
			);
			defaultConfigurationIsVisible = 0;
			defaultConfigurationName = Release;
		};
		D43490392AA1542F0098FD17 /* Build configuration list for PBXNativeTarget "hello world 2UITests" */ = {
			isa = XCConfigurationList;
			buildConfigurations = (
				D434903A2AA1542F0098FD17 /* Debug */,
				D434903B2AA1542F0098FD17 /* Release */,
			);
			defaultConfigurationIsVisible = 0;
			defaultConfigurationName = Release;
		};
/* End XCConfigurationList section */
	};
	rootObject = D43490062AA1542C0098FD17 /* Project object */;
}
